
Microsoft Visual Studio Solution File, Format Version 12.00
# Visual Studio Version 17
VisualStudioVersion = 17.5.002.0
MinimumVisualStudioVersion = 10.0.40219.1
Project("{9A19103F-16F7-4668-BE54-9A1E7A4F7556}") = "ProyectoC", "ProyectoC\ProyectoC.csproj", "{7B47F807-5FB4-48EE-B300-A462A31BD099}"
EndProject
Global
	GlobalSection(SolutionConfigurationPlatforms) = preSolution
		Debug|Any CPU = Debug|Any CPU
		Release|Any CPU = Release|Any CPU
	EndGlobalSection
	GlobalSection(ProjectConfigurationPlatforms) = postSolution
		{7B47F807-5FB4-48EE-B300-A462A31BD099}.Debug|Any CPU.ActiveCfg = Debug|Any CPU
		{7B47F807-5FB4-48EE-B300-A462A31BD099}.Debug|Any CPU.Build.0 = Debug|Any CPU
		{7B47F807-5FB4-48EE-B300-A462A31BD099}.Release|Any CPU.ActiveCfg = Release|Any CPU
		{7B47F807-5FB4-48EE-B300-A462A31BD099}.Release|Any CPU.Build.0 = Release|Any CPU
	EndGlobalSection
	GlobalSection(SolutionProperties) = preSolution
		HideSolutionNode = FALSE
	EndGlobalSection
	GlobalSection(ExtensibilityGlobals) = postSolution
		SolutionGuid = {7C1B102F-873C-4E2C-A4DB-4F551FDE17DD}
	EndGlobalSection
EndGlobal
